
Microsoft Visual Studio Solution File, Format Version 12.00
# Visual Studio 2012
Project("{FAE04EC0-301F-11D3-BF4B-00C04F79EFBC}") = "SportsScheduler", "SportsScheduler.csproj", "{CF6D1BA5-DD42-4679-9095-2E6CE38FB2FE}"
EndProject
Project("{FAE04EC0-301F-11D3-BF4B-00C04F79EFBC}") = "SportsScheduler.Android", "Android\SportsScheduler.Android.csproj", "{36568D02-9CA6-4D42-8C85-7DAD6BAF6746}"
EndProject
Global
	GlobalSection(SolutionConfigurationPlatforms) = preSolution
		Debug|Any CPU = Debug|Any CPU
		Release|Any CPU = Release|Any CPU
	EndGlobalSection
	GlobalSection(ProjectConfigurationPlatforms) = postSolution
		{36568D02-9CA6-4D42-8C85-7DAD6BAF6746}.Debug|Any CPU.ActiveCfg = Debug|Any CPU
		{36568D02-9CA6-4D42-8C85-7DAD6BAF6746}.Debug|Any CPU.Build.0 = Debug|Any CPU
		{36568D02-9CA6-4D42-8C85-7DAD6BAF6746}.Release|Any CPU.ActiveCfg = Release|Any CPU
		{36568D02-9CA6-4D42-8C85-7DAD6BAF6746}.Release|Any CPU.Build.0 = Release|Any CPU
		{CF6D1BA5-DD42-4679-9095-2E6CE38FB2FE}.Debug|Any CPU.ActiveCfg = Debug|Any CPU
		{CF6D1BA5-DD42-4679-9095-2E6CE38FB2FE}.Debug|Any CPU.Build.0 = Debug|Any CPU
		{CF6D1BA5-DD42-4679-9095-2E6CE38FB2FE}.Release|Any CPU.ActiveCfg = Release|Any CPU
		{CF6D1BA5-DD42-4679-9095-2E6CE38FB2FE}.Release|Any CPU.Build.0 = Release|Any CPU
	EndGlobalSection
	GlobalSection(MonoDevelopProperties) = preSolution
		StartupItem = SportsScheduler.csproj
	EndGlobalSection
EndGlobal
